
Microsoft Visual Studio Solution File, Format Version 12.00
Project("{FAE04EC0-301F-11D3-BF4B-00C04F79EFBC}") = "romanToInt13", "romanToInt13\romanToInt13.csproj", "{7D93FD38-DB5A-4BA0-BAD2-9CCFCDF888C9}"
EndProject
Project("{FAE04EC0-301F-11D3-BF4B-00C04F79EFBC}") = "addTwo2", "addTwo2\addTwo2.csproj", "{36521A19-0378-49E7-B25E-9A1C47A241CA}"
EndProject
Project("{FAE04EC0-301F-11D3-BF4B-00C04F79EFBC}") = "longestPrefix14", "longestPrefix14\longestPrefix14.csproj", "{8551FCB9-8ABB-4088-91C1-D2F439E8545E}"
EndProject
Project("{FAE04EC0-301F-11D3-BF4B-00C04F79EFBC}") = "validParentheses", "validParentheses\validParentheses.csproj", "{6CC6F1BB-F6CB-452A-9B5D-55CA77016016}"
EndProject
Project("{FAE04EC0-301F-11D3-BF4B-00C04F79EFBC}") = "reverseInt7", "reverseInt7\reverseInt7.csproj", "{E7AC8B57-0548-4FD4-B588-CA85090B685E}"
EndProject
Project("{FAE04EC0-301F-11D3-BF4B-00C04F79EFBC}") = "removeNthFromEnd19", "removeNthFromEnd19\removeNthFromEnd19.csproj", "{03BBDAAC-2E21-402B-90F8-AAAC8809437E}"
EndProject
Project("{FAE04EC0-301F-11D3-BF4B-00C04F79EFBC}") = "MergeLists21", "MergeLists21\MergeLists21.csproj", "{6579549E-18BC-4D81-9CA8-3B1EE3EC69DB}"
EndProject
Project("{FAE04EC0-301F-11D3-BF4B-00C04F79EFBC}") = "TopK347", "TopK347\TopK347.csproj", "{933155F6-40A4-42FF-96B5-B9AAACBBE817}"
EndProject
Project("{FAE04EC0-301F-11D3-BF4B-00C04F79EFBC}") = "removeDupesFromSortArray26", "removeDupesFromSortArray26\removeDupesFromSortArray26.csproj", "{F7007CC1-0D28-453C-BD32-09072A130D1A}"
EndProject
Project("{FAE04EC0-301F-11D3-BF4B-00C04F79EFBC}") = "jewelsStones771", "jewelsStones771\jewelsStones771.csproj", "{43DE4A97-A6FB-4654-B9A6-349F9331497E}"
EndProject
Project("{FAE04EC0-301F-11D3-BF4B-00C04F79EFBC}") = "FirstOccurance28", "FirstOccurance28\FirstOccurance28.csproj", "{F0B95F2F-EF76-47BD-A269-26AE10AA32F7}"
EndProject
Project("{FAE04EC0-301F-11D3-BF4B-00C04F79EFBC}") = "majorityElement169", "majorityElement169\majorityElement169.csproj", "{3B9857BA-F3A5-4390-B73C-CD0C7EB9875D}"
EndProject
Project("{FAE04EC0-301F-11D3-BF4B-00C04F79EFBC}") = "HappyNumber202", "HappyNumber202\HappyNumber202.csproj", "{DFF31736-DB8E-4742-8D6A-5605F2C0F46E}"
EndProject
Project("{FAE04EC0-301F-11D3-BF4B-00C04F79EFBC}") = "primeNumbers204", "primeNumbers204\primeNumbers204.csproj", "{417795AF-1BE1-4EDA-A1BC-924A8A9D89C9}"
EndProject
Project("{FAE04EC0-301F-11D3-BF4B-00C04F79EFBC}") = "validAnagram242", "validAnagram242\validAnagram242.csproj", "{DB55790D-C865-4AAB-9AC9-5D1B7FFA69C3}"
EndProject
Project("{FAE04EC0-301F-11D3-BF4B-00C04F79EFBC}") = "keyboardRow500", "keyboardRow500\keyboardRow500.csproj", "{C90DB800-62AC-488D-87C0-1AF677322D58}"
EndProject
Project("{FAE04EC0-301F-11D3-BF4B-00C04F79EFBC}") = "containDuplicate217", "containDuplicate217\containDuplicate217.csproj", "{EA6FAF30-2DC9-478C-9A9E-F159A81246AC}"
EndProject
Project("{FAE04EC0-301F-11D3-BF4B-00C04F79EFBC}") = "anagramGroups49", "anagramGroups49\anagramGroups49.csproj", "{7655E8A7-CFF8-4FDA-8971-7646C485CC11}"
EndProject
Project("{FAE04EC0-301F-11D3-BF4B-00C04F79EFBC}") = "encodeDecode271", "encodeDecode271\encodeDecode271.csproj", "{73FD7FCE-8A63-43DD-A226-E974058C7F2D}"
EndProject
Project("{FAE04EC0-301F-11D3-BF4B-00C04F79EFBC}") = "productOfArrayExceptSelf238", "productOfArrayExceptSelf238\productOfArrayExceptSelf238.csproj", "{9C015A78-7F24-413D-B040-99C0BBB80CF1}"
EndProject
Project("{FAE04EC0-301F-11D3-BF4B-00C04F79EFBC}") = "validPalindrome125", "validPalindrome125\validPalindrome125.csproj", "{E068A403-EE70-499C-B6C0-5393AA459BF8}"
EndProject
Project("{FAE04EC0-301F-11D3-BF4B-00C04F79EFBC}") = "validSudoku", "validSudoku\validSudoku.csproj", "{D92B5265-D24A-4AA1-AE86-03CAFD10D734}"
EndProject
Project("{FAE04EC0-301F-11D3-BF4B-00C04F79EFBC}") = "LongestConsSequence128", "LongestConsSequence128\LongestConsSequence128.csproj", "{52603F06-8746-4803-AE84-B7AB6498BE71}"
EndProject
Project("{FAE04EC0-301F-11D3-BF4B-00C04F79EFBC}") = "twoSum2_167", "twoSum2_167\twoSum2_167.csproj", "{EEB959E3-1277-4544-A137-E8B224111B7F}"
EndProject
Project("{FAE04EC0-301F-11D3-BF4B-00C04F79EFBC}") = "palindromicSubstring647", "palindromicSubstring647\palindromicSubstring647.csproj", "{509F9813-FB9E-443C-AFBF-F8ACE599B2E0}"
EndProject
Project("{FAE04EC0-301F-11D3-BF4B-00C04F79EFBC}") = "ThreeSum15", "ThreeSum15\ThreeSum15.csproj", "{6E87B035-A28B-44ED-8D7C-9F4787795367}"
EndProject
Project("{FAE04EC0-301F-11D3-BF4B-00C04F79EFBC}") = "maxWater11", "maxWater11\maxWater11.csproj", "{CCF0BE15-F2BB-4281-8BAE-B66D7351AE52}"
EndProject
Project("{FAE04EC0-301F-11D3-BF4B-00C04F79EFBC}") = "trappingRainWater42", "trappingRainWater42\trappingRainWater42.csproj", "{C6CB973B-6C17-47A3-8749-6A63DCC2FD2D}"
EndProject
Project("{FAE04EC0-301F-11D3-BF4B-00C04F79EFBC}") = "bestTimeToBuy121", "bestTimeToBuy121\bestTimeToBuy121.csproj", "{57D92E31-95E6-496E-A54B-B1C33AAA370E}"
EndProject
Project("{FAE04EC0-301F-11D3-BF4B-00C04F79EFBC}") = "longestWithoutRepeatingCharacters3", "longestWithoutRepeatingCharacters3\longestWithoutRepeatingCharacters3.csproj", "{FFF6A9B7-7EE3-4A86-8726-62716A24644C}"
EndProject
Project("{FAE04EC0-301F-11D3-BF4B-00C04F79EFBC}") = "longestWithReplacement424", "longestWithReplacement424\longestWithReplacement424.csproj", "{2C2E4BCB-E0ED-40EE-81AB-74025A90032D}"
EndProject
Project("{FAE04EC0-301F-11D3-BF4B-00C04F79EFBC}") = "Emma", "Emma\Emma.csproj", "{C1466C3A-89BE-4F6B-A7B1-0B8D93CC0B67}"
EndProject
Project("{FAE04EC0-301F-11D3-BF4B-00C04F79EFBC}") = "stringPermutation567", "stringPermutation567\stringPermutation567.csproj", "{E14F8386-982F-431B-9C24-B2042D8CF128}"
EndProject
Project("{FAE04EC0-301F-11D3-BF4B-00C04F79EFBC}") = "minWindowSubstringg", "minWindowSubstringg\minWindowSubstringg.csproj", "{6E6BF30F-43B4-40B6-80E3-C301E84BC72D}"
EndProject
Project("{FAE04EC0-301F-11D3-BF4B-00C04F79EFBC}") = "maxSlidingWindows", "maxSlidingWindows\maxSlidingWindows.csproj", "{48A594C2-4B12-41B4-8494-933746FD768E}"
EndProject
Project("{FAE04EC0-301F-11D3-BF4B-00C04F79EFBC}") = "evalRPN", "evalRPN\evalRPN.csproj", "{28B601BF-79E0-4B0C-B278-09E1E2DE37E4}"
EndProject
Project("{FAE04EC0-301F-11D3-BF4B-00C04F79EFBC}") = "generateParentheses", "generateParentheses\generateParentheses.csproj", "{F9C2C0FE-AC0A-48D2-8A97-6E78BB37A13C}"
EndProject
Project("{FAE04EC0-301F-11D3-BF4B-00C04F79EFBC}") = "DailyTemps", "DailyTemps\DailyTemps.csproj", "{FE78F94A-542F-4DB6-A726-1093817D81E8}"
EndProject
Project("{FAE04EC0-301F-11D3-BF4B-00C04F79EFBC}") = "CarFleet853", "CarFleet853\CarFleet853.csproj", "{D2C14F4E-245D-407E-B102-1EF7E37E4A44}"
EndProject
Project("{FAE04EC0-301F-11D3-BF4B-00C04F79EFBC}") = "LargestRectHist84", "LargestRectHist84\LargestRectHist84.csproj", "{75C981EE-6D61-48FF-A4A5-DE9BF2948A8A}"
EndProject
Project("{FAE04EC0-301F-11D3-BF4B-00C04F79EFBC}") = "BinarySearch704", "BinarySearch704\BinarySearch704.csproj", "{48669B92-D6EB-4F5F-B0CA-7FF68EFF9994}"
EndProject
Project("{FAE04EC0-301F-11D3-BF4B-00C04F79EFBC}") = "Search2Dmatrix74", "Search2Dmatrix74\Search2Dmatrix74.csproj", "{467A5C45-143D-4F39-85FD-BB3678852C48}"
EndProject
Project("{FAE04EC0-301F-11D3-BF4B-00C04F79EFBC}") = "KokoEatingBananas875", "KokoEatingBananas875\KokoEatingBananas875.csproj", "{61DAB90F-FCBA-4D63-A0C8-18E671E48A2A}"
EndProject
Project("{FAE04EC0-301F-11D3-BF4B-00C04F79EFBC}") = "FindMinInRotatedArr153", "FindMinInRotatedArr153\FindMinInRotatedArr153.csproj", "{5E08DD5B-4B52-486B-9A71-DCCA44AD43A7}"
EndProject
Project("{FAE04EC0-301F-11D3-BF4B-00C04F79EFBC}") = "SearchInRotSortArr33", "SearchInRotSortArr33\SearchInRotSortArr33.csproj", "{6B296311-4A3E-4C4B-8EFB-1CC380EE3930}"
EndProject
Project("{FAE04EC0-301F-11D3-BF4B-00C04F79EFBC}") = "TimeBasedKeyVal981", "TimeBasedKeyVal981\TimeBasedKeyVal981.csproj", "{DB0C9CBE-F37A-477E-AA7A-4E16C288D078}"
EndProject
Global
	GlobalSection(SolutionConfigurationPlatforms) = preSolution
		Debug|Any CPU = Debug|Any CPU
		Release|Any CPU = Release|Any CPU
	EndGlobalSection
	GlobalSection(ProjectConfigurationPlatforms) = postSolution
		{7D93FD38-DB5A-4BA0-BAD2-9CCFCDF888C9}.Debug|Any CPU.ActiveCfg = Debug|Any CPU
		{7D93FD38-DB5A-4BA0-BAD2-9CCFCDF888C9}.Debug|Any CPU.Build.0 = Debug|Any CPU
		{7D93FD38-DB5A-4BA0-BAD2-9CCFCDF888C9}.Release|Any CPU.ActiveCfg = Release|Any CPU
		{7D93FD38-DB5A-4BA0-BAD2-9CCFCDF888C9}.Release|Any CPU.Build.0 = Release|Any CPU
		{36521A19-0378-49E7-B25E-9A1C47A241CA}.Debug|Any CPU.ActiveCfg = Debug|Any CPU
		{36521A19-0378-49E7-B25E-9A1C47A241CA}.Debug|Any CPU.Build.0 = Debug|Any CPU
		{36521A19-0378-49E7-B25E-9A1C47A241CA}.Release|Any CPU.ActiveCfg = Release|Any CPU
		{36521A19-0378-49E7-B25E-9A1C47A241CA}.Release|Any CPU.Build.0 = Release|Any CPU
		{8551FCB9-8ABB-4088-91C1-D2F439E8545E}.Debug|Any CPU.ActiveCfg = Debug|Any CPU
		{8551FCB9-8ABB-4088-91C1-D2F439E8545E}.Debug|Any CPU.Build.0 = Debug|Any CPU
		{8551FCB9-8ABB-4088-91C1-D2F439E8545E}.Release|Any CPU.ActiveCfg = Release|Any CPU
		{8551FCB9-8ABB-4088-91C1-D2F439E8545E}.Release|Any CPU.Build.0 = Release|Any CPU
		{6CC6F1BB-F6CB-452A-9B5D-55CA77016016}.Debug|Any CPU.ActiveCfg = Debug|Any CPU
		{6CC6F1BB-F6CB-452A-9B5D-55CA77016016}.Debug|Any CPU.Build.0 = Debug|Any CPU
		{6CC6F1BB-F6CB-452A-9B5D-55CA77016016}.Release|Any CPU.ActiveCfg = Release|Any CPU
		{6CC6F1BB-F6CB-452A-9B5D-55CA77016016}.Release|Any CPU.Build.0 = Release|Any CPU
		{E7AC8B57-0548-4FD4-B588-CA85090B685E}.Debug|Any CPU.ActiveCfg = Debug|Any CPU
		{E7AC8B57-0548-4FD4-B588-CA85090B685E}.Debug|Any CPU.Build.0 = Debug|Any CPU
		{E7AC8B57-0548-4FD4-B588-CA85090B685E}.Release|Any CPU.ActiveCfg = Release|Any CPU
		{E7AC8B57-0548-4FD4-B588-CA85090B685E}.Release|Any CPU.Build.0 = Release|Any CPU
		{03BBDAAC-2E21-402B-90F8-AAAC8809437E}.Debug|Any CPU.ActiveCfg = Debug|Any CPU
		{03BBDAAC-2E21-402B-90F8-AAAC8809437E}.Debug|Any CPU.Build.0 = Debug|Any CPU
		{03BBDAAC-2E21-402B-90F8-AAAC8809437E}.Release|Any CPU.ActiveCfg = Release|Any CPU
		{03BBDAAC-2E21-402B-90F8-AAAC8809437E}.Release|Any CPU.Build.0 = Release|Any CPU
		{6579549E-18BC-4D81-9CA8-3B1EE3EC69DB}.Debug|Any CPU.ActiveCfg = Debug|Any CPU
		{6579549E-18BC-4D81-9CA8-3B1EE3EC69DB}.Debug|Any CPU.Build.0 = Debug|Any CPU
		{6579549E-18BC-4D81-9CA8-3B1EE3EC69DB}.Release|Any CPU.ActiveCfg = Release|Any CPU
		{6579549E-18BC-4D81-9CA8-3B1EE3EC69DB}.Release|Any CPU.Build.0 = Release|Any CPU
		{933155F6-40A4-42FF-96B5-B9AAACBBE817}.Debug|Any CPU.ActiveCfg = Debug|Any CPU
		{933155F6-40A4-42FF-96B5-B9AAACBBE817}.Debug|Any CPU.Build.0 = Debug|Any CPU
		{933155F6-40A4-42FF-96B5-B9AAACBBE817}.Release|Any CPU.ActiveCfg = Release|Any CPU
		{933155F6-40A4-42FF-96B5-B9AAACBBE817}.Release|Any CPU.Build.0 = Release|Any CPU
		{F7007CC1-0D28-453C-BD32-09072A130D1A}.Debug|Any CPU.ActiveCfg = Debug|Any CPU
		{F7007CC1-0D28-453C-BD32-09072A130D1A}.Debug|Any CPU.Build.0 = Debug|Any CPU
		{F7007CC1-0D28-453C-BD32-09072A130D1A}.Release|Any CPU.ActiveCfg = Release|Any CPU
		{F7007CC1-0D28-453C-BD32-09072A130D1A}.Release|Any CPU.Build.0 = Release|Any CPU
		{43DE4A97-A6FB-4654-B9A6-349F9331497E}.Debug|Any CPU.ActiveCfg = Debug|Any CPU
		{43DE4A97-A6FB-4654-B9A6-349F9331497E}.Debug|Any CPU.Build.0 = Debug|Any CPU
		{43DE4A97-A6FB-4654-B9A6-349F9331497E}.Release|Any CPU.ActiveCfg = Release|Any CPU
		{43DE4A97-A6FB-4654-B9A6-349F9331497E}.Release|Any CPU.Build.0 = Release|Any CPU
		{F0B95F2F-EF76-47BD-A269-26AE10AA32F7}.Debug|Any CPU.ActiveCfg = Debug|Any CPU
		{F0B95F2F-EF76-47BD-A269-26AE10AA32F7}.Debug|Any CPU.Build.0 = Debug|Any CPU
		{F0B95F2F-EF76-47BD-A269-26AE10AA32F7}.Release|Any CPU.ActiveCfg = Release|Any CPU
		{F0B95F2F-EF76-47BD-A269-26AE10AA32F7}.Release|Any CPU.Build.0 = Release|Any CPU
		{3B9857BA-F3A5-4390-B73C-CD0C7EB9875D}.Debug|Any CPU.ActiveCfg = Debug|Any CPU
		{3B9857BA-F3A5-4390-B73C-CD0C7EB9875D}.Debug|Any CPU.Build.0 = Debug|Any CPU
		{3B9857BA-F3A5-4390-B73C-CD0C7EB9875D}.Release|Any CPU.ActiveCfg = Release|Any CPU
		{3B9857BA-F3A5-4390-B73C-CD0C7EB9875D}.Release|Any CPU.Build.0 = Release|Any CPU
		{DFF31736-DB8E-4742-8D6A-5605F2C0F46E}.Debug|Any CPU.ActiveCfg = Debug|Any CPU
		{DFF31736-DB8E-4742-8D6A-5605F2C0F46E}.Debug|Any CPU.Build.0 = Debug|Any CPU
		{DFF31736-DB8E-4742-8D6A-5605F2C0F46E}.Release|Any CPU.ActiveCfg = Release|Any CPU
		{DFF31736-DB8E-4742-8D6A-5605F2C0F46E}.Release|Any CPU.Build.0 = Release|Any CPU
		{417795AF-1BE1-4EDA-A1BC-924A8A9D89C9}.Debug|Any CPU.ActiveCfg = Debug|Any CPU
		{417795AF-1BE1-4EDA-A1BC-924A8A9D89C9}.Debug|Any CPU.Build.0 = Debug|Any CPU
		{417795AF-1BE1-4EDA-A1BC-924A8A9D89C9}.Release|Any CPU.ActiveCfg = Release|Any CPU
		{417795AF-1BE1-4EDA-A1BC-924A8A9D89C9}.Release|Any CPU.Build.0 = Release|Any CPU
		{DB55790D-C865-4AAB-9AC9-5D1B7FFA69C3}.Debug|Any CPU.ActiveCfg = Debug|Any CPU
		{DB55790D-C865-4AAB-9AC9-5D1B7FFA69C3}.Debug|Any CPU.Build.0 = Debug|Any CPU
		{DB55790D-C865-4AAB-9AC9-5D1B7FFA69C3}.Release|Any CPU.ActiveCfg = Release|Any CPU
		{DB55790D-C865-4AAB-9AC9-5D1B7FFA69C3}.Release|Any CPU.Build.0 = Release|Any CPU
		{C90DB800-62AC-488D-87C0-1AF677322D58}.Debug|Any CPU.ActiveCfg = Debug|Any CPU
		{C90DB800-62AC-488D-87C0-1AF677322D58}.Debug|Any CPU.Build.0 = Debug|Any CPU
		{C90DB800-62AC-488D-87C0-1AF677322D58}.Release|Any CPU.ActiveCfg = Release|Any CPU
		{C90DB800-62AC-488D-87C0-1AF677322D58}.Release|Any CPU.Build.0 = Release|Any CPU
		{EA6FAF30-2DC9-478C-9A9E-F159A81246AC}.Debug|Any CPU.ActiveCfg = Debug|Any CPU
		{EA6FAF30-2DC9-478C-9A9E-F159A81246AC}.Debug|Any CPU.Build.0 = Debug|Any CPU
		{EA6FAF30-2DC9-478C-9A9E-F159A81246AC}.Release|Any CPU.ActiveCfg = Release|Any CPU
		{EA6FAF30-2DC9-478C-9A9E-F159A81246AC}.Release|Any CPU.Build.0 = Release|Any CPU
		{7655E8A7-CFF8-4FDA-8971-7646C485CC11}.Debug|Any CPU.ActiveCfg = Debug|Any CPU
		{7655E8A7-CFF8-4FDA-8971-7646C485CC11}.Debug|Any CPU.Build.0 = Debug|Any CPU
		{7655E8A7-CFF8-4FDA-8971-7646C485CC11}.Release|Any CPU.ActiveCfg = Release|Any CPU
		{7655E8A7-CFF8-4FDA-8971-7646C485CC11}.Release|Any CPU.Build.0 = Release|Any CPU
		{73FD7FCE-8A63-43DD-A226-E974058C7F2D}.Debug|Any CPU.ActiveCfg = Debug|Any CPU
		{73FD7FCE-8A63-43DD-A226-E974058C7F2D}.Debug|Any CPU.Build.0 = Debug|Any CPU
		{73FD7FCE-8A63-43DD-A226-E974058C7F2D}.Release|Any CPU.ActiveCfg = Release|Any CPU
		{73FD7FCE-8A63-43DD-A226-E974058C7F2D}.Release|Any CPU.Build.0 = Release|Any CPU
		{9C015A78-7F24-413D-B040-99C0BBB80CF1}.Debug|Any CPU.ActiveCfg = Debug|Any CPU
		{9C015A78-7F24-413D-B040-99C0BBB80CF1}.Debug|Any CPU.Build.0 = Debug|Any CPU
		{9C015A78-7F24-413D-B040-99C0BBB80CF1}.Release|Any CPU.ActiveCfg = Release|Any CPU
		{9C015A78-7F24-413D-B040-99C0BBB80CF1}.Release|Any CPU.Build.0 = Release|Any CPU
		{E068A403-EE70-499C-B6C0-5393AA459BF8}.Debug|Any CPU.ActiveCfg = Debug|Any CPU
		{E068A403-EE70-499C-B6C0-5393AA459BF8}.Debug|Any CPU.Build.0 = Debug|Any CPU
		{E068A403-EE70-499C-B6C0-5393AA459BF8}.Release|Any CPU.ActiveCfg = Release|Any CPU
		{E068A403-EE70-499C-B6C0-5393AA459BF8}.Release|Any CPU.Build.0 = Release|Any CPU
		{D92B5265-D24A-4AA1-AE86-03CAFD10D734}.Debug|Any CPU.ActiveCfg = Debug|Any CPU
		{D92B5265-D24A-4AA1-AE86-03CAFD10D734}.Debug|Any CPU.Build.0 = Debug|Any CPU
		{D92B5265-D24A-4AA1-AE86-03CAFD10D734}.Release|Any CPU.ActiveCfg = Release|Any CPU
		{D92B5265-D24A-4AA1-AE86-03CAFD10D734}.Release|Any CPU.Build.0 = Release|Any CPU
		{52603F06-8746-4803-AE84-B7AB6498BE71}.Debug|Any CPU.ActiveCfg = Debug|Any CPU
		{52603F06-8746-4803-AE84-B7AB6498BE71}.Debug|Any CPU.Build.0 = Debug|Any CPU
		{52603F06-8746-4803-AE84-B7AB6498BE71}.Release|Any CPU.ActiveCfg = Release|Any CPU
		{52603F06-8746-4803-AE84-B7AB6498BE71}.Release|Any CPU.Build.0 = Release|Any CPU
		{EEB959E3-1277-4544-A137-E8B224111B7F}.Debug|Any CPU.ActiveCfg = Debug|Any CPU
		{EEB959E3-1277-4544-A137-E8B224111B7F}.Debug|Any CPU.Build.0 = Debug|Any CPU
		{EEB959E3-1277-4544-A137-E8B224111B7F}.Release|Any CPU.ActiveCfg = Release|Any CPU
		{EEB959E3-1277-4544-A137-E8B224111B7F}.Release|Any CPU.Build.0 = Release|Any CPU
		{509F9813-FB9E-443C-AFBF-F8ACE599B2E0}.Debug|Any CPU.ActiveCfg = Debug|Any CPU
		{509F9813-FB9E-443C-AFBF-F8ACE599B2E0}.Debug|Any CPU.Build.0 = Debug|Any CPU
		{509F9813-FB9E-443C-AFBF-F8ACE599B2E0}.Release|Any CPU.ActiveCfg = Release|Any CPU
		{509F9813-FB9E-443C-AFBF-F8ACE599B2E0}.Release|Any CPU.Build.0 = Release|Any CPU
		{6E87B035-A28B-44ED-8D7C-9F4787795367}.Debug|Any CPU.ActiveCfg = Debug|Any CPU
		{6E87B035-A28B-44ED-8D7C-9F4787795367}.Debug|Any CPU.Build.0 = Debug|Any CPU
		{6E87B035-A28B-44ED-8D7C-9F4787795367}.Release|Any CPU.ActiveCfg = Release|Any CPU
		{6E87B035-A28B-44ED-8D7C-9F4787795367}.Release|Any CPU.Build.0 = Release|Any CPU
		{CCF0BE15-F2BB-4281-8BAE-B66D7351AE52}.Debug|Any CPU.ActiveCfg = Debug|Any CPU
		{CCF0BE15-F2BB-4281-8BAE-B66D7351AE52}.Debug|Any CPU.Build.0 = Debug|Any CPU
		{CCF0BE15-F2BB-4281-8BAE-B66D7351AE52}.Release|Any CPU.ActiveCfg = Release|Any CPU
		{CCF0BE15-F2BB-4281-8BAE-B66D7351AE52}.Release|Any CPU.Build.0 = Release|Any CPU
		{C6CB973B-6C17-47A3-8749-6A63DCC2FD2D}.Debug|Any CPU.ActiveCfg = Debug|Any CPU
		{C6CB973B-6C17-47A3-8749-6A63DCC2FD2D}.Debug|Any CPU.Build.0 = Debug|Any CPU
		{C6CB973B-6C17-47A3-8749-6A63DCC2FD2D}.Release|Any CPU.ActiveCfg = Release|Any CPU
		{C6CB973B-6C17-47A3-8749-6A63DCC2FD2D}.Release|Any CPU.Build.0 = Release|Any CPU
		{57D92E31-95E6-496E-A54B-B1C33AAA370E}.Debug|Any CPU.ActiveCfg = Debug|Any CPU
		{57D92E31-95E6-496E-A54B-B1C33AAA370E}.Debug|Any CPU.Build.0 = Debug|Any CPU
		{57D92E31-95E6-496E-A54B-B1C33AAA370E}.Release|Any CPU.ActiveCfg = Release|Any CPU
		{57D92E31-95E6-496E-A54B-B1C33AAA370E}.Release|Any CPU.Build.0 = Release|Any CPU
		{FFF6A9B7-7EE3-4A86-8726-62716A24644C}.Debug|Any CPU.ActiveCfg = Debug|Any CPU
		{FFF6A9B7-7EE3-4A86-8726-62716A24644C}.Debug|Any CPU.Build.0 = Debug|Any CPU
		{FFF6A9B7-7EE3-4A86-8726-62716A24644C}.Release|Any CPU.ActiveCfg = Release|Any CPU
		{FFF6A9B7-7EE3-4A86-8726-62716A24644C}.Release|Any CPU.Build.0 = Release|Any CPU
		{2C2E4BCB-E0ED-40EE-81AB-74025A90032D}.Debug|Any CPU.ActiveCfg = Debug|Any CPU
		{2C2E4BCB-E0ED-40EE-81AB-74025A90032D}.Debug|Any CPU.Build.0 = Debug|Any CPU
		{2C2E4BCB-E0ED-40EE-81AB-74025A90032D}.Release|Any CPU.ActiveCfg = Release|Any CPU
		{2C2E4BCB-E0ED-40EE-81AB-74025A90032D}.Release|Any CPU.Build.0 = Release|Any CPU
		{C1466C3A-89BE-4F6B-A7B1-0B8D93CC0B67}.Debug|Any CPU.ActiveCfg = Debug|Any CPU
		{C1466C3A-89BE-4F6B-A7B1-0B8D93CC0B67}.Debug|Any CPU.Build.0 = Debug|Any CPU
		{C1466C3A-89BE-4F6B-A7B1-0B8D93CC0B67}.Release|Any CPU.ActiveCfg = Release|Any CPU
		{C1466C3A-89BE-4F6B-A7B1-0B8D93CC0B67}.Release|Any CPU.Build.0 = Release|Any CPU
		{E14F8386-982F-431B-9C24-B2042D8CF128}.Debug|Any CPU.ActiveCfg = Debug|Any CPU
		{E14F8386-982F-431B-9C24-B2042D8CF128}.Debug|Any CPU.Build.0 = Debug|Any CPU
		{E14F8386-982F-431B-9C24-B2042D8CF128}.Release|Any CPU.ActiveCfg = Release|Any CPU
		{E14F8386-982F-431B-9C24-B2042D8CF128}.Release|Any CPU.Build.0 = Release|Any CPU
		{6E6BF30F-43B4-40B6-80E3-C301E84BC72D}.Debug|Any CPU.ActiveCfg = Debug|Any CPU
		{6E6BF30F-43B4-40B6-80E3-C301E84BC72D}.Debug|Any CPU.Build.0 = Debug|Any CPU
		{6E6BF30F-43B4-40B6-80E3-C301E84BC72D}.Release|Any CPU.ActiveCfg = Release|Any CPU
		{6E6BF30F-43B4-40B6-80E3-C301E84BC72D}.Release|Any CPU.Build.0 = Release|Any CPU
		{48A594C2-4B12-41B4-8494-933746FD768E}.Debug|Any CPU.ActiveCfg = Debug|Any CPU
		{48A594C2-4B12-41B4-8494-933746FD768E}.Debug|Any CPU.Build.0 = Debug|Any CPU
		{48A594C2-4B12-41B4-8494-933746FD768E}.Release|Any CPU.ActiveCfg = Release|Any CPU
		{48A594C2-4B12-41B4-8494-933746FD768E}.Release|Any CPU.Build.0 = Release|Any CPU
		{28B601BF-79E0-4B0C-B278-09E1E2DE37E4}.Debug|Any CPU.ActiveCfg = Debug|Any CPU
		{28B601BF-79E0-4B0C-B278-09E1E2DE37E4}.Debug|Any CPU.Build.0 = Debug|Any CPU
		{28B601BF-79E0-4B0C-B278-09E1E2DE37E4}.Release|Any CPU.ActiveCfg = Release|Any CPU
		{28B601BF-79E0-4B0C-B278-09E1E2DE37E4}.Release|Any CPU.Build.0 = Release|Any CPU
		{F9C2C0FE-AC0A-48D2-8A97-6E78BB37A13C}.Debug|Any CPU.ActiveCfg = Debug|Any CPU
		{F9C2C0FE-AC0A-48D2-8A97-6E78BB37A13C}.Debug|Any CPU.Build.0 = Debug|Any CPU
		{F9C2C0FE-AC0A-48D2-8A97-6E78BB37A13C}.Release|Any CPU.ActiveCfg = Release|Any CPU
		{F9C2C0FE-AC0A-48D2-8A97-6E78BB37A13C}.Release|Any CPU.Build.0 = Release|Any CPU
		{FE78F94A-542F-4DB6-A726-1093817D81E8}.Debug|Any CPU.ActiveCfg = Debug|Any CPU
		{FE78F94A-542F-4DB6-A726-1093817D81E8}.Debug|Any CPU.Build.0 = Debug|Any CPU
		{FE78F94A-542F-4DB6-A726-1093817D81E8}.Release|Any CPU.ActiveCfg = Release|Any CPU
		{FE78F94A-542F-4DB6-A726-1093817D81E8}.Release|Any CPU.Build.0 = Release|Any CPU
		{D2C14F4E-245D-407E-B102-1EF7E37E4A44}.Debug|Any CPU.ActiveCfg = Debug|Any CPU
		{D2C14F4E-245D-407E-B102-1EF7E37E4A44}.Debug|Any CPU.Build.0 = Debug|Any CPU
		{D2C14F4E-245D-407E-B102-1EF7E37E4A44}.Release|Any CPU.ActiveCfg = Release|Any CPU
		{D2C14F4E-245D-407E-B102-1EF7E37E4A44}.Release|Any CPU.Build.0 = Release|Any CPU
		{75C981EE-6D61-48FF-A4A5-DE9BF2948A8A}.Debug|Any CPU.ActiveCfg = Debug|Any CPU
		{75C981EE-6D61-48FF-A4A5-DE9BF2948A8A}.Debug|Any CPU.Build.0 = Debug|Any CPU
		{75C981EE-6D61-48FF-A4A5-DE9BF2948A8A}.Release|Any CPU.ActiveCfg = Release|Any CPU
		{75C981EE-6D61-48FF-A4A5-DE9BF2948A8A}.Release|Any CPU.Build.0 = Release|Any CPU
		{48669B92-D6EB-4F5F-B0CA-7FF68EFF9994}.Debug|Any CPU.ActiveCfg = Debug|Any CPU
		{48669B92-D6EB-4F5F-B0CA-7FF68EFF9994}.Debug|Any CPU.Build.0 = Debug|Any CPU
		{48669B92-D6EB-4F5F-B0CA-7FF68EFF9994}.Release|Any CPU.ActiveCfg = Release|Any CPU
		{48669B92-D6EB-4F5F-B0CA-7FF68EFF9994}.Release|Any CPU.Build.0 = Release|Any CPU
		{467A5C45-143D-4F39-85FD-BB3678852C48}.Debug|Any CPU.ActiveCfg = Debug|Any CPU
		{467A5C45-143D-4F39-85FD-BB3678852C48}.Debug|Any CPU.Build.0 = Debug|Any CPU
		{467A5C45-143D-4F39-85FD-BB3678852C48}.Release|Any CPU.ActiveCfg = Release|Any CPU
		{467A5C45-143D-4F39-85FD-BB3678852C48}.Release|Any CPU.Build.0 = Release|Any CPU
		{61DAB90F-FCBA-4D63-A0C8-18E671E48A2A}.Debug|Any CPU.ActiveCfg = Debug|Any CPU
		{61DAB90F-FCBA-4D63-A0C8-18E671E48A2A}.Debug|Any CPU.Build.0 = Debug|Any CPU
		{61DAB90F-FCBA-4D63-A0C8-18E671E48A2A}.Release|Any CPU.ActiveCfg = Release|Any CPU
		{61DAB90F-FCBA-4D63-A0C8-18E671E48A2A}.Release|Any CPU.Build.0 = Release|Any CPU
		{5E08DD5B-4B52-486B-9A71-DCCA44AD43A7}.Debug|Any CPU.ActiveCfg = Debug|Any CPU
		{5E08DD5B-4B52-486B-9A71-DCCA44AD43A7}.Debug|Any CPU.Build.0 = Debug|Any CPU
		{5E08DD5B-4B52-486B-9A71-DCCA44AD43A7}.Release|Any CPU.ActiveCfg = Release|Any CPU
		{5E08DD5B-4B52-486B-9A71-DCCA44AD43A7}.Release|Any CPU.Build.0 = Release|Any CPU
		{6B296311-4A3E-4C4B-8EFB-1CC380EE3930}.Debug|Any CPU.ActiveCfg = Debug|Any CPU
		{6B296311-4A3E-4C4B-8EFB-1CC380EE3930}.Debug|Any CPU.Build.0 = Debug|Any CPU
		{6B296311-4A3E-4C4B-8EFB-1CC380EE3930}.Release|Any CPU.ActiveCfg = Release|Any CPU
		{6B296311-4A3E-4C4B-8EFB-1CC380EE3930}.Release|Any CPU.Build.0 = Release|Any CPU
		{DB0C9CBE-F37A-477E-AA7A-4E16C288D078}.Debug|Any CPU.ActiveCfg = Debug|Any CPU
		{DB0C9CBE-F37A-477E-AA7A-4E16C288D078}.Debug|Any CPU.Build.0 = Debug|Any CPU
		{DB0C9CBE-F37A-477E-AA7A-4E16C288D078}.Release|Any CPU.ActiveCfg = Release|Any CPU
		{DB0C9CBE-F37A-477E-AA7A-4E16C288D078}.Release|Any CPU.Build.0 = Release|Any CPU
	EndGlobalSection
EndGlobal
